
Microsoft Visual Studio Solution File, Format Version 12.00
# Visual Studio Version 17
VisualStudioVersion = 17.11.35312.102
MinimumVisualStudioVersion = 10.0.40219.1
Project("{2150E333-8FDC-42A3-9474-1A3956D46DE8}") = "Task0", "Task0", "{14D55339-8536-479B-A896-F4DBFC7406A3}"
EndProject
Project("{9A19103F-16F7-4668-BE54-9A1E7A4F7556}") = "Tyuiu.KokoulinIV.Sprint2.Task0.V12", "Tyuiu.KokoulinIV.Sprint2.Task0.V12\Tyuiu.KokoulinIV.Sprint2.Task0.V12.csproj", "{8586FBB6-CEB8-41D5-8103-A23ACDC8368F}"
EndProject
Project("{9A19103F-16F7-4668-BE54-9A1E7A4F7556}") = "Tyuiu.KokoulinIV.Sprint2.Task0.V12.Lib", "Tyuiu.KokoulinIV.Sprint2.Task0.V12.Lib\Tyuiu.KokoulinIV.Sprint2.Task0.V12.Lib.csproj", "{B35AFE09-C564-4294-948A-464424B03D26}"
EndProject
Project("{9A19103F-16F7-4668-BE54-9A1E7A4F7556}") = "Tyuiu.KokoulinIV.Sprint2.Task0.V12.Test", "Tyuiu.KokoulinIV.Sprint2.Task0.V12.Test\Tyuiu.KokoulinIV.Sprint2.Task0.V12.Test.csproj", "{6CD4BB7D-D18C-4555-A172-F0990CD075B1}"
EndProject
Project("{2150E333-8FDC-42A3-9474-1A3956D46DE8}") = "Task1", "Task1", "{E1C66FE2-48D9-4428-AB4C-E59A98A2CE71}"
EndProject
Project("{9A19103F-16F7-4668-BE54-9A1E7A4F7556}") = "Tyuiu.KokoulinIV.Sprint2.Task1.V22", "Tyuiu.KokoulinIV.Sprint2.Task1.V22\Tyuiu.KokoulinIV.Sprint2.Task1.V22.csproj", "{8B3EBA3B-4BDB-4A6E-BECA-20BD5E74797D}"
EndProject
Project("{9A19103F-16F7-4668-BE54-9A1E7A4F7556}") = "Tyuiu.KokoulinIV.Sprint2.Task1.V22.Lib", "Tyuiu.KokoulinIV.Sprint2.Task1.V22.Lib\Tyuiu.KokoulinIV.Sprint2.Task1.V22.Lib.csproj", "{063D4C9F-AD89-46F5-AD9D-0A3F27320E08}"
EndProject
Project("{9A19103F-16F7-4668-BE54-9A1E7A4F7556}") = "Tyuiu.KokoulinIV.Sprint2.Task1.V22.Test", "Tyuiu.KokoulinIV.Sprint2.Task1.V22.Test\Tyuiu.KokoulinIV.Sprint2.Task1.V22.Test.csproj", "{0AD676BF-804A-44D5-9F52-7C5C6E29531C}"
EndProject
Project("{2150E333-8FDC-42A3-9474-1A3956D46DE8}") = "Task2", "Task2", "{6160612C-B6E5-4261-8F6A-3CEBBAAB09F9}"
EndProject
Project("{9A19103F-16F7-4668-BE54-9A1E7A4F7556}") = "Tyuiu.KokoulinIV.Sprint2.Task2.V19", "Tyuiu.KokoulinIV.Sprint2.Task2.V19\Tyuiu.KokoulinIV.Sprint2.Task2.V19.csproj", "{B1607E84-998C-49D5-B027-889FA6D26625}"
EndProject
Project("{9A19103F-16F7-4668-BE54-9A1E7A4F7556}") = "Tyuiu.KokoulinIV.Sprint2.Task2.V19.Lib", "Tyuiu.KokoulinIV.Sprint2.Task2.V19.Lib\Tyuiu.KokoulinIV.Sprint2.Task2.V19.Lib.csproj", "{8407729B-B724-40DB-B9B6-C3E15D04A5AE}"
EndProject
Project("{9A19103F-16F7-4668-BE54-9A1E7A4F7556}") = "Tyuiu.KokoulinIV.Sprint2.Task2.V19.Test", "Tyuiu.KokoulinIV.Sprint2.Task2.V19.Test\Tyuiu.KokoulinIV.Sprint2.Task2.V19.Test.csproj", "{A15CFB16-5062-4598-8C02-430560CD6BA4}"
EndProject
Project("{2150E333-8FDC-42A3-9474-1A3956D46DE8}") = "Task3", "Task3", "{34BC8969-00B1-4631-A45F-26AF41A6FA50}"
EndProject
Project("{FAE04EC0-301F-11D3-BF4B-00C04F79EFBC}") = "Tyuiu.KokoulinIV.Sprint2.Task3.V7", "Tyuiu.KokoulinIV.Sprint2.Task3.V7\Tyuiu.KokoulinIV.Sprint2.Task3.V7.csproj", "{37B557F8-F640-498C-A61C-E4CA68F94B59}"
EndProject
Project("{FAE04EC0-301F-11D3-BF4B-00C04F79EFBC}") = "Tyuiu.KokoulinIV.Sprint2.Task3.V7.Lib", "Tyuiu.KokoulinIV.Sprint2.Task3.V7.Lib\Tyuiu.KokoulinIV.Sprint2.Task3.V7.Lib.csproj", "{49EAFCF8-5689-40FA-B949-F7821963106A}"
EndProject
Project("{FAE04EC0-301F-11D3-BF4B-00C04F79EFBC}") = "Tyuiu.KokoulinIV.Sprint2.Task3.V7.Test", "Tyuiu.KokoulinIV.Sprint2.Task3.V7.Test\Tyuiu.KokoulinIV.Sprint2.Task3.V7.Test.csproj", "{39BE9074-F4CA-46D0-B3EB-FB19E78A1DE8}"
EndProject
Global
	GlobalSection(SolutionConfigurationPlatforms) = preSolution
		Debug|Any CPU = Debug|Any CPU
		Release|Any CPU = Release|Any CPU
	EndGlobalSection
	GlobalSection(ProjectConfigurationPlatforms) = postSolution
		{8586FBB6-CEB8-41D5-8103-A23ACDC8368F}.Debug|Any CPU.ActiveCfg = Debug|Any CPU
		{8586FBB6-CEB8-41D5-8103-A23ACDC8368F}.Debug|Any CPU.Build.0 = Debug|Any CPU
		{8586FBB6-CEB8-41D5-8103-A23ACDC8368F}.Release|Any CPU.ActiveCfg = Release|Any CPU
		{8586FBB6-CEB8-41D5-8103-A23ACDC8368F}.Release|Any CPU.Build.0 = Release|Any CPU
		{B35AFE09-C564-4294-948A-464424B03D26}.Debug|Any CPU.ActiveCfg = Debug|Any CPU
		{B35AFE09-C564-4294-948A-464424B03D26}.Debug|Any CPU.Build.0 = Debug|Any CPU
		{B35AFE09-C564-4294-948A-464424B03D26}.Release|Any CPU.ActiveCfg = Release|Any CPU
		{B35AFE09-C564-4294-948A-464424B03D26}.Release|Any CPU.Build.0 = Release|Any CPU
		{6CD4BB7D-D18C-4555-A172-F0990CD075B1}.Debug|Any CPU.ActiveCfg = Debug|Any CPU
		{6CD4BB7D-D18C-4555-A172-F0990CD075B1}.Debug|Any CPU.Build.0 = Debug|Any CPU
		{6CD4BB7D-D18C-4555-A172-F0990CD075B1}.Release|Any CPU.ActiveCfg = Release|Any CPU
		{6CD4BB7D-D18C-4555-A172-F0990CD075B1}.Release|Any CPU.Build.0 = Release|Any CPU
		{8B3EBA3B-4BDB-4A6E-BECA-20BD5E74797D}.Debug|Any CPU.ActiveCfg = Debug|Any CPU
		{8B3EBA3B-4BDB-4A6E-BECA-20BD5E74797D}.Debug|Any CPU.Build.0 = Debug|Any CPU
		{8B3EBA3B-4BDB-4A6E-BECA-20BD5E74797D}.Release|Any CPU.ActiveCfg = Release|Any CPU
		{8B3EBA3B-4BDB-4A6E-BECA-20BD5E74797D}.Release|Any CPU.Build.0 = Release|Any CPU
		{063D4C9F-AD89-46F5-AD9D-0A3F27320E08}.Debug|Any CPU.ActiveCfg = Debug|Any CPU
		{063D4C9F-AD89-46F5-AD9D-0A3F27320E08}.Debug|Any CPU.Build.0 = Debug|Any CPU
		{063D4C9F-AD89-46F5-AD9D-0A3F27320E08}.Release|Any CPU.ActiveCfg = Release|Any CPU
		{063D4C9F-AD89-46F5-AD9D-0A3F27320E08}.Release|Any CPU.Build.0 = Release|Any CPU
		{0AD676BF-804A-44D5-9F52-7C5C6E29531C}.Debug|Any CPU.ActiveCfg = Debug|Any CPU
		{0AD676BF-804A-44D5-9F52-7C5C6E29531C}.Debug|Any CPU.Build.0 = Debug|Any CPU
		{0AD676BF-804A-44D5-9F52-7C5C6E29531C}.Release|Any CPU.ActiveCfg = Release|Any CPU
		{0AD676BF-804A-44D5-9F52-7C5C6E29531C}.Release|Any CPU.Build.0 = Release|Any CPU
		{B1607E84-998C-49D5-B027-889FA6D26625}.Debug|Any CPU.ActiveCfg = Debug|Any CPU
		{B1607E84-998C-49D5-B027-889FA6D26625}.Debug|Any CPU.Build.0 = Debug|Any CPU
		{B1607E84-998C-49D5-B027-889FA6D26625}.Release|Any CPU.ActiveCfg = Release|Any CPU
		{B1607E84-998C-49D5-B027-889FA6D26625}.Release|Any CPU.Build.0 = Release|Any CPU
		{8407729B-B724-40DB-B9B6-C3E15D04A5AE}.Debug|Any CPU.ActiveCfg = Debug|Any CPU
		{8407729B-B724-40DB-B9B6-C3E15D04A5AE}.Debug|Any CPU.Build.0 = Debug|Any CPU
		{8407729B-B724-40DB-B9B6-C3E15D04A5AE}.Release|Any CPU.ActiveCfg = Release|Any CPU
		{8407729B-B724-40DB-B9B6-C3E15D04A5AE}.Release|Any CPU.Build.0 = Release|Any CPU
		{A15CFB16-5062-4598-8C02-430560CD6BA4}.Debug|Any CPU.ActiveCfg = Debug|Any CPU
		{A15CFB16-5062-4598-8C02-430560CD6BA4}.Debug|Any CPU.Build.0 = Debug|Any CPU
		{A15CFB16-5062-4598-8C02-430560CD6BA4}.Release|Any CPU.ActiveCfg = Release|Any CPU
		{A15CFB16-5062-4598-8C02-430560CD6BA4}.Release|Any CPU.Build.0 = Release|Any CPU
		{37B557F8-F640-498C-A61C-E4CA68F94B59}.Debug|Any CPU.ActiveCfg = Debug|Any CPU
		{37B557F8-F640-498C-A61C-E4CA68F94B59}.Debug|Any CPU.Build.0 = Debug|Any CPU
		{37B557F8-F640-498C-A61C-E4CA68F94B59}.Release|Any CPU.ActiveCfg = Release|Any CPU
		{37B557F8-F640-498C-A61C-E4CA68F94B59}.Release|Any CPU.Build.0 = Release|Any CPU
		{49EAFCF8-5689-40FA-B949-F7821963106A}.Debug|Any CPU.ActiveCfg = Debug|Any CPU
		{49EAFCF8-5689-40FA-B949-F7821963106A}.Debug|Any CPU.Build.0 = Debug|Any CPU
		{49EAFCF8-5689-40FA-B949-F7821963106A}.Release|Any CPU.ActiveCfg = Release|Any CPU
		{49EAFCF8-5689-40FA-B949-F7821963106A}.Release|Any CPU.Build.0 = Release|Any CPU
		{39BE9074-F4CA-46D0-B3EB-FB19E78A1DE8}.Debug|Any CPU.ActiveCfg = Debug|Any CPU
		{39BE9074-F4CA-46D0-B3EB-FB19E78A1DE8}.Debug|Any CPU.Build.0 = Debug|Any CPU
		{39BE9074-F4CA-46D0-B3EB-FB19E78A1DE8}.Release|Any CPU.ActiveCfg = Release|Any CPU
		{39BE9074-F4CA-46D0-B3EB-FB19E78A1DE8}.Release|Any CPU.Build.0 = Release|Any CPU
	EndGlobalSection
	GlobalSection(SolutionProperties) = preSolution
		HideSolutionNode = FALSE
	EndGlobalSection
	GlobalSection(NestedProjects) = preSolution
		{8586FBB6-CEB8-41D5-8103-A23ACDC8368F} = {14D55339-8536-479B-A896-F4DBFC7406A3}
		{B35AFE09-C564-4294-948A-464424B03D26} = {14D55339-8536-479B-A896-F4DBFC7406A3}
		{6CD4BB7D-D18C-4555-A172-F0990CD075B1} = {14D55339-8536-479B-A896-F4DBFC7406A3}
		{8B3EBA3B-4BDB-4A6E-BECA-20BD5E74797D} = {E1C66FE2-48D9-4428-AB4C-E59A98A2CE71}
		{063D4C9F-AD89-46F5-AD9D-0A3F27320E08} = {E1C66FE2-48D9-4428-AB4C-E59A98A2CE71}
		{0AD676BF-804A-44D5-9F52-7C5C6E29531C} = {E1C66FE2-48D9-4428-AB4C-E59A98A2CE71}
		{B1607E84-998C-49D5-B027-889FA6D26625} = {6160612C-B6E5-4261-8F6A-3CEBBAAB09F9}
		{8407729B-B724-40DB-B9B6-C3E15D04A5AE} = {6160612C-B6E5-4261-8F6A-3CEBBAAB09F9}
		{A15CFB16-5062-4598-8C02-430560CD6BA4} = {6160612C-B6E5-4261-8F6A-3CEBBAAB09F9}
		{37B557F8-F640-498C-A61C-E4CA68F94B59} = {34BC8969-00B1-4631-A45F-26AF41A6FA50}
		{49EAFCF8-5689-40FA-B949-F7821963106A} = {34BC8969-00B1-4631-A45F-26AF41A6FA50}
		{39BE9074-F4CA-46D0-B3EB-FB19E78A1DE8} = {34BC8969-00B1-4631-A45F-26AF41A6FA50}
	EndGlobalSection
	GlobalSection(ExtensibilityGlobals) = postSolution
		SolutionGuid = {7802E356-9068-463A-AF4A-96472AAB746C}
	EndGlobalSection
EndGlobal
